
Microsoft Visual Studio Solution File, Format Version 12.00
# Visual Studio Version 16
VisualStudioVersion = 16.0.30011.22
MinimumVisualStudioVersion = 10.0.40219.1
Project("{FAE04EC0-301F-11D3-BF4B-00C04F79EFBC}") = "Server", "Server\Server.csproj", "{DBD1FB0C-256C-4A47-870A-4F206F87C1E5}"
EndProject
Project("{FAE04EC0-301F-11D3-BF4B-00C04F79EFBC}") = "Client", "Client\Client.csproj", "{74FC4420-2A02-4D8F-88DF-FFE66FB62238}"
EndProject
Global
	GlobalSection(SolutionConfigurationPlatforms) = preSolution
		Debug|Any CPU = Debug|Any CPU
		Release|Any CPU = Release|Any CPU
	EndGlobalSection
	GlobalSection(ProjectConfigurationPlatforms) = postSolution
		{DBD1FB0C-256C-4A47-870A-4F206F87C1E5}.Debug|Any CPU.ActiveCfg = Debug|Any CPU
		{DBD1FB0C-256C-4A47-870A-4F206F87C1E5}.Debug|Any CPU.Build.0 = Debug|Any CPU
		{DBD1FB0C-256C-4A47-870A-4F206F87C1E5}.Release|Any CPU.ActiveCfg = Release|Any CPU
		{DBD1FB0C-256C-4A47-870A-4F206F87C1E5}.Release|Any CPU.Build.0 = Release|Any CPU
		{74FC4420-2A02-4D8F-88DF-FFE66FB62238}.Debug|Any CPU.ActiveCfg = Debug|Any CPU
		{74FC4420-2A02-4D8F-88DF-FFE66FB62238}.Debug|Any CPU.Build.0 = Debug|Any CPU
		{74FC4420-2A02-4D8F-88DF-FFE66FB62238}.Release|Any CPU.ActiveCfg = Release|Any CPU
		{74FC4420-2A02-4D8F-88DF-FFE66FB62238}.Release|Any CPU.Build.0 = Release|Any CPU
	EndGlobalSection
	GlobalSection(SolutionProperties) = preSolution
		HideSolutionNode = FALSE
	EndGlobalSection
	GlobalSection(ExtensibilityGlobals) = postSolution
		SolutionGuid = {BBF2BA53-6866-4811-80A4-91C0EA5B74C3}
	EndGlobalSection
EndGlobal
